
Microsoft Visual Studio Solution File, Format Version 12.00
# Visual Studio 14
VisualStudioVersion = 14.0.25123.0
MinimumVisualStudioVersion = 10.0.40219.1
Project("{FAE04EC0-301F-11D3-BF4B-00C04F79EFBC}") = "AnchorSite", "Local\AnchorSite.csproj", "{27E35F94-C14B-496B-86B6-F893E415AFC3}"
EndProject
Project("{FAE04EC0-301F-11D3-BF4B-00C04F79EFBC}") = "Localization", "..\..\..\..\Office Code\Main Code Branch\4.4.2\Presentation\Shared\Localization\Localization.csproj", "{EE9ABF83-F0BB-4A28-80C9-546CEFECE0B6}"
EndProject
Global
	GlobalSection(SolutionConfigurationPlatforms) = preSolution
		Debug|Any CPU = Debug|Any CPU
		Debug|x64 = Debug|x64
		Debug|x86 = Debug|x86
		Release|Any CPU = Release|Any CPU
		Release|x64 = Release|x64
		Release|x86 = Release|x86
	EndGlobalSection
	GlobalSection(ProjectConfigurationPlatforms) = postSolution
		{27E35F94-C14B-496B-86B6-F893E415AFC3}.Debug|Any CPU.ActiveCfg = Debug|Any CPU
		{27E35F94-C14B-496B-86B6-F893E415AFC3}.Debug|Any CPU.Build.0 = Debug|Any CPU
		{27E35F94-C14B-496B-86B6-F893E415AFC3}.Debug|x64.ActiveCfg = Debug|Any CPU
		{27E35F94-C14B-496B-86B6-F893E415AFC3}.Debug|x64.Build.0 = Debug|Any CPU
		{27E35F94-C14B-496B-86B6-F893E415AFC3}.Debug|x86.ActiveCfg = Debug|Any CPU
		{27E35F94-C14B-496B-86B6-F893E415AFC3}.Debug|x86.Build.0 = Debug|Any CPU
		{27E35F94-C14B-496B-86B6-F893E415AFC3}.Release|Any CPU.ActiveCfg = Release|Any CPU
		{27E35F94-C14B-496B-86B6-F893E415AFC3}.Release|Any CPU.Build.0 = Release|Any CPU
		{27E35F94-C14B-496B-86B6-F893E415AFC3}.Release|x64.ActiveCfg = Release|Any CPU
		{27E35F94-C14B-496B-86B6-F893E415AFC3}.Release|x64.Build.0 = Release|Any CPU
		{27E35F94-C14B-496B-86B6-F893E415AFC3}.Release|x86.ActiveCfg = Release|Any CPU
		{27E35F94-C14B-496B-86B6-F893E415AFC3}.Release|x86.Build.0 = Release|Any CPU
		{EE9ABF83-F0BB-4A28-80C9-546CEFECE0B6}.Debug|Any CPU.ActiveCfg = Debug|Any CPU
		{EE9ABF83-F0BB-4A28-80C9-546CEFECE0B6}.Debug|Any CPU.Build.0 = Debug|Any CPU
		{EE9ABF83-F0BB-4A28-80C9-546CEFECE0B6}.Debug|x64.ActiveCfg = Debug|x64
		{EE9ABF83-F0BB-4A28-80C9-546CEFECE0B6}.Debug|x64.Build.0 = Debug|x64
		{EE9ABF83-F0BB-4A28-80C9-546CEFECE0B6}.Debug|x86.ActiveCfg = Debug|x86
		{EE9ABF83-F0BB-4A28-80C9-546CEFECE0B6}.Debug|x86.Build.0 = Debug|x86
		{EE9ABF83-F0BB-4A28-80C9-546CEFECE0B6}.Release|Any CPU.ActiveCfg = Release|Any CPU
		{EE9ABF83-F0BB-4A28-80C9-546CEFECE0B6}.Release|Any CPU.Build.0 = Release|Any CPU
		{EE9ABF83-F0BB-4A28-80C9-546CEFECE0B6}.Release|x64.ActiveCfg = Release|x64
		{EE9ABF83-F0BB-4A28-80C9-546CEFECE0B6}.Release|x64.Build.0 = Release|x64
		{EE9ABF83-F0BB-4A28-80C9-546CEFECE0B6}.Release|x86.ActiveCfg = Release|x86
		{EE9ABF83-F0BB-4A28-80C9-546CEFECE0B6}.Release|x86.Build.0 = Release|x86
	EndGlobalSection
	GlobalSection(SolutionProperties) = preSolution
		HideSolutionNode = FALSE
	EndGlobalSection
EndGlobal
